// !$*UTF8*$!
{
	archiveVersion = 1;
	classes = {
	};
	objectVersion = 56;
	objects = {

/* Begin PBXBuildFile section */
		EE1B2D6D2BDFA00A0035F343 /* BallsGameApp.swift in Sources */ = {isa = PBXBuildFile; fileRef = EE1B2D6C2BDFA00A0035F343 /* BallsGameApp.swift */; };
		EE1B2D6F2BDFA00A0035F343 /* ContentView.swift in Sources */ = {isa = PBXBuildFile; fileRef = EE1B2D6E2BDFA00A0035F343 /* ContentView.swift */; };
		EE1B2D712BDFA00C0035F343 /* Assets.xcassets in Resources */ = {isa = PBXBuildFile; fileRef = EE1B2D702BDFA00C0035F343 /* Assets.xcassets */; };
		EE1B2D742BDFA00C0035F343 /* Preview Assets.xcassets in Resources */ = {isa = PBXBuildFile; fileRef = EE1B2D732BDFA00C0035F343 /* Preview Assets.xcassets */; };
		EE1B2D852BDFA16B0035F343 /* MenuScreen.swift in Sources */ = {isa = PBXBuildFile; fileRef = EE1B2D842BDFA16B0035F343 /* MenuScreen.swift */; };
		EE1B2D872BDFA36C0035F343 /* GameRulesView.swift in Sources */ = {isa = PBXBuildFile; fileRef = EE1B2D862BDFA36C0035F343 /* GameRulesView.swift */; };
		EE1B2D892BDFA3900035F343 /* SettingsScreenView.swift in Sources */ = {isa = PBXBuildFile; fileRef = EE1B2D882BDFA3900035F343 /* SettingsScreenView.swift */; };
		EE1B2D8B2BDFA3A40035F343 /* DailyScreenView.swift in Sources */ = {isa = PBXBuildFile; fileRef = EE1B2D8A2BDFA3A40035F343 /* DailyScreenView.swift */; };
		EE1B2D8D2BDFA3B80035F343 /* ShopScreenView.swift in Sources */ = {isa = PBXBuildFile; fileRef = EE1B2D8C2BDFA3B80035F343 /* ShopScreenView.swift */; };
		EE1B2D8F2BDFA9A70035F343 /* ConstNames.swift in Sources */ = {isa = PBXBuildFile; fileRef = EE1B2D8E2BDFA9A70035F343 /* ConstNames.swift */; };
		EE1B2D912BDFB8490035F343 /* AwardItem.swift in Sources */ = {isa = PBXBuildFile; fileRef = EE1B2D902BDFB8490035F343 /* AwardItem.swift */; };
		EE1B2D932BDFB8670035F343 /* DailyAwardsData.swift in Sources */ = {isa = PBXBuildFile; fileRef = EE1B2D922BDFB8670035F343 /* DailyAwardsData.swift */; };
		EE1B2D952BDFB9DD0035F343 /* PlayerData.swift in Sources */ = {isa = PBXBuildFile; fileRef = EE1B2D942BDFB9DD0035F343 /* PlayerData.swift */; };
		EE1B2D972BDFCAE70035F343 /* ShopData.swift in Sources */ = {isa = PBXBuildFile; fileRef = EE1B2D962BDFCAE70035F343 /* ShopData.swift */; };
		EE1B2D992BDFCD680035F343 /* ShopItem.swift in Sources */ = {isa = PBXBuildFile; fileRef = EE1B2D982BDFCD680035F343 /* ShopItem.swift */; };
		EE1B2D9C2BDFDB980035F343 /* GameScreenView.swift in Sources */ = {isa = PBXBuildFile; fileRef = EE1B2D9B2BDFDB980035F343 /* GameScreenView.swift */; };
		EE1B2DA02BDFDBEB0035F343 /* BallsGameScene.swift in Sources */ = {isa = PBXBuildFile; fileRef = EE1B2D9F2BDFDBEB0035F343 /* BallsGameScene.swift */; };
/* End PBXBuildFile section */

/* Begin PBXFileReference section */
		EE1B2D692BDFA00A0035F343 /* BallsGame.app */ = {isa = PBXFileReference; explicitFileType = wrapper.application; includeInIndex = 0; path = BallsGame.app; sourceTree = BUILT_PRODUCTS_DIR; };
		EE1B2D6C2BDFA00A0035F343 /* BallsGameApp.swift */ = {isa = PBXFileReference; lastKnownFileType = sourcecode.swift; path = BallsGameApp.swift; sourceTree = "<group>"; };
		EE1B2D6E2BDFA00A0035F343 /* ContentView.swift */ = {isa = PBXFileReference; lastKnownFileType = sourcecode.swift; path = ContentView.swift; sourceTree = "<group>"; };
		EE1B2D702BDFA00C0035F343 /* Assets.xcassets */ = {isa = PBXFileReference; lastKnownFileType = folder.assetcatalog; path = Assets.xcassets; sourceTree = "<group>"; };
		EE1B2D732BDFA00C0035F343 /* Preview Assets.xcassets */ = {isa = PBXFileReference; lastKnownFileType = folder.assetcatalog; path = "Preview Assets.xcassets"; sourceTree = "<group>"; };
		EE1B2D842BDFA16B0035F343 /* MenuScreen.swift */ = {isa = PBXFileReference; lastKnownFileType = sourcecode.swift; path = MenuScreen.swift; sourceTree = "<group>"; };
		EE1B2D862BDFA36C0035F343 /* GameRulesView.swift */ = {isa = PBXFileReference; lastKnownFileType = sourcecode.swift; path = GameRulesView.swift; sourceTree = "<group>"; };
		EE1B2D882BDFA3900035F343 /* SettingsScreenView.swift */ = {isa = PBXFileReference; lastKnownFileType = sourcecode.swift; path = SettingsScreenView.swift; sourceTree = "<group>"; };
		EE1B2D8A2BDFA3A40035F343 /* DailyScreenView.swift */ = {isa = PBXFileReference; lastKnownFileType = sourcecode.swift; path = DailyScreenView.swift; sourceTree = "<group>"; };
		EE1B2D8C2BDFA3B80035F343 /* ShopScreenView.swift */ = {isa = PBXFileReference; lastKnownFileType = sourcecode.swift; path = ShopScreenView.swift; sourceTree = "<group>"; };
		EE1B2D8E2BDFA9A70035F343 /* ConstNames.swift */ = {isa = PBXFileReference; lastKnownFileType = sourcecode.swift; path = ConstNames.swift; sourceTree = "<group>"; };
		EE1B2D902BDFB8490035F343 /* AwardItem.swift */ = {isa = PBXFileReference; lastKnownFileType = sourcecode.swift; path = AwardItem.swift; sourceTree = "<group>"; };
		EE1B2D922BDFB8670035F343 /* DailyAwardsData.swift */ = {isa = PBXFileReference; lastKnownFileType = sourcecode.swift; path = DailyAwardsData.swift; sourceTree = "<group>"; };
		EE1B2D942BDFB9DD0035F343 /* PlayerData.swift */ = {isa = PBXFileReference; lastKnownFileType = sourcecode.swift; path = PlayerData.swift; sourceTree = "<group>"; };
		EE1B2D962BDFCAE70035F343 /* ShopData.swift */ = {isa = PBXFileReference; lastKnownFileType = sourcecode.swift; path = ShopData.swift; sourceTree = "<group>"; };
		EE1B2D982BDFCD680035F343 /* ShopItem.swift */ = {isa = PBXFileReference; lastKnownFileType = sourcecode.swift; path = ShopItem.swift; sourceTree = "<group>"; };
		EE1B2D9B2BDFDB980035F343 /* GameScreenView.swift */ = {isa = PBXFileReference; lastKnownFileType = sourcecode.swift; path = GameScreenView.swift; sourceTree = "<group>"; };
		EE1B2D9F2BDFDBEB0035F343 /* BallsGameScene.swift */ = {isa = PBXFileReference; lastKnownFileType = sourcecode.swift; path = BallsGameScene.swift; sourceTree = "<group>"; };
/* End PBXFileReference section */

/* Begin PBXFrameworksBuildPhase section */
		EE1B2D662BDFA00A0035F343 /* Frameworks */ = {
			isa = PBXFrameworksBuildPhase;
			buildActionMask = 2147483647;
			files = (
			);
			runOnlyForDeploymentPostprocessing = 0;
		};
/* End PBXFrameworksBuildPhase section */

/* Begin PBXGroup section */
		EE1B2D602BDFA00A0035F343 = {
			isa = PBXGroup;
			children = (
				EE1B2D6B2BDFA00A0035F343 /* BallsGame */,
				EE1B2D6A2BDFA00A0035F343 /* Products */,
			);
			sourceTree = "<group>";
		};
		EE1B2D6A2BDFA00A0035F343 /* Products */ = {
			isa = PBXGroup;
			children = (
				EE1B2D692BDFA00A0035F343 /* BallsGame.app */,
			);
			name = Products;
			sourceTree = "<group>";
		};
		EE1B2D6B2BDFA00A0035F343 /* BallsGame */ = {
			isa = PBXGroup;
			children = (
				EE1B2D7D2BDFA11E0035F343 /* Data */,
				EE1B2D7C2BDFA11B0035F343 /* Model */,
				EE1B2D7B2BDFA1130035F343 /* GameScenes */,
				EE1B2D7A2BDFA1060035F343 /* Screens */,
				EE1B2D6C2BDFA00A0035F343 /* BallsGameApp.swift */,
				EE1B2D6E2BDFA00A0035F343 /* ContentView.swift */,
				EE1B2D702BDFA00C0035F343 /* Assets.xcassets */,
				EE1B2D722BDFA00C0035F343 /* Preview Content */,
			);
			path = BallsGame;
			sourceTree = "<group>";
		};
		EE1B2D722BDFA00C0035F343 /* Preview Content */ = {
			isa = PBXGroup;
			children = (
				EE1B2D732BDFA00C0035F343 /* Preview Assets.xcassets */,
			);
			path = "Preview Content";
			sourceTree = "<group>";
		};
		EE1B2D7A2BDFA1060035F343 /* Screens */ = {
			isa = PBXGroup;
			children = (
				EE1B2D832BDFA15F0035F343 /* GameScreen */,
				EE1B2D822BDFA14E0035F343 /* ShopScreen */,
				EE1B2D812BDFA1430035F343 /* DailyScreen */,
				EE1B2D802BDFA13B0035F343 /* RulesScreen */,
				EE1B2D7F2BDFA12A0035F343 /* SettingsScreen */,
				EE1B2D7E2BDFA1240035F343 /* MenuScreen */,
			);
			path = Screens;
			sourceTree = "<group>";
		};
		EE1B2D7B2BDFA1130035F343 /* GameScenes */ = {
			isa = PBXGroup;
			children = (
				EE1B2D9E2BDFDBC50035F343 /* Model */,
				EE1B2D9D2BDFDBC00035F343 /* Game */,
			);
			path = GameScenes;
			sourceTree = "<group>";
		};
		EE1B2D7C2BDFA11B0035F343 /* Model */ = {
			isa = PBXGroup;
			children = (
				EE1B2D902BDFB8490035F343 /* AwardItem.swift */,
				EE1B2D982BDFCD680035F343 /* ShopItem.swift */,
			);
			path = Model;
			sourceTree = "<group>";
		};
		EE1B2D7D2BDFA11E0035F343 /* Data */ = {
			isa = PBXGroup;
			children = (
				EE1B2D8E2BDFA9A70035F343 /* ConstNames.swift */,
				EE1B2D922BDFB8670035F343 /* DailyAwardsData.swift */,
				EE1B2D942BDFB9DD0035F343 /* PlayerData.swift */,
				EE1B2D962BDFCAE70035F343 /* ShopData.swift */,
			);
			path = Data;
			sourceTree = "<group>";
		};
		EE1B2D7E2BDFA1240035F343 /* MenuScreen */ = {
			isa = PBXGroup;
			children = (
				EE1B2D842BDFA16B0035F343 /* MenuScreen.swift */,
			);
			path = MenuScreen;
			sourceTree = "<group>";
		};
		EE1B2D7F2BDFA12A0035F343 /* SettingsScreen */ = {
			isa = PBXGroup;
			children = (
				EE1B2D882BDFA3900035F343 /* SettingsScreenView.swift */,
			);
			path = SettingsScreen;
			sourceTree = "<group>";
		};
		EE1B2D802BDFA13B0035F343 /* RulesScreen */ = {
			isa = PBXGroup;
			children = (
				EE1B2D862BDFA36C0035F343 /* GameRulesView.swift */,
			);
			path = RulesScreen;
			sourceTree = "<group>";
		};
		EE1B2D812BDFA1430035F343 /* DailyScreen */ = {
			isa = PBXGroup;
			children = (
				EE1B2D8A2BDFA3A40035F343 /* DailyScreenView.swift */,
			);
			path = DailyScreen;
			sourceTree = "<group>";
		};
		EE1B2D822BDFA14E0035F343 /* ShopScreen */ = {
			isa = PBXGroup;
			children = (
				EE1B2D8C2BDFA3B80035F343 /* ShopScreenView.swift */,
			);
			path = ShopScreen;
			sourceTree = "<group>";
		};
		EE1B2D832BDFA15F0035F343 /* GameScreen */ = {
			isa = PBXGroup;
			children = (
				EE1B2D9B2BDFDB980035F343 /* GameScreenView.swift */,
			);
			path = GameScreen;
			sourceTree = "<group>";
		};
		EE1B2D9D2BDFDBC00035F343 /* Game */ = {
			isa = PBXGroup;
			children = (
				EE1B2D9F2BDFDBEB0035F343 /* BallsGameScene.swift */,
			);
			path = Game;
			sourceTree = "<group>";
		};
		EE1B2D9E2BDFDBC50035F343 /* Model */ = {
			isa = PBXGroup;
			children = (
			);
			path = Model;
			sourceTree = "<group>";
		};
/* End PBXGroup section */

/* Begin PBXNativeTarget section */
		EE1B2D682BDFA00A0035F343 /* BallsGame */ = {
			isa = PBXNativeTarget;
			buildConfigurationList = EE1B2D772BDFA00C0035F343 /* Build configuration list for PBXNativeTarget "BallsGame" */;
			buildPhases = (
				EE1B2D652BDFA00A0035F343 /* Sources */,
				EE1B2D662BDFA00A0035F343 /* Frameworks */,
				EE1B2D672BDFA00A0035F343 /* Resources */,
			);
			buildRules = (
			);
			dependencies = (
			);
			name = BallsGame;
			productName = BallsGame;
			productReference = EE1B2D692BDFA00A0035F343 /* BallsGame.app */;
			productType = "com.apple.product-type.application";
		};
/* End PBXNativeTarget section */

/* Begin PBXProject section */
		EE1B2D612BDFA00A0035F343 /* Project object */ = {
			isa = PBXProject;
			attributes = {
				BuildIndependentTargetsInParallel = 1;
				LastSwiftUpdateCheck = 1510;
				LastUpgradeCheck = 1510;
				TargetAttributes = {
					EE1B2D682BDFA00A0035F343 = {
						CreatedOnToolsVersion = 15.1;
					};
				};
			};
			buildConfigurationList = EE1B2D642BDFA00A0035F343 /* Build configuration list for PBXProject "BallsGame" */;
			compatibilityVersion = "Xcode 14.0";
			developmentRegion = en;
			hasScannedForEncodings = 0;
			knownRegions = (
				en,
				Base,
			);
			mainGroup = EE1B2D602BDFA00A0035F343;
			productRefGroup = EE1B2D6A2BDFA00A0035F343 /* Products */;
			projectDirPath = "";
			projectRoot = "";
			targets = (
				EE1B2D682BDFA00A0035F343 /* BallsGame */,
			);
		};
/* End PBXProject section */

/* Begin PBXResourcesBuildPhase section */
		EE1B2D672BDFA00A0035F343 /* Resources */ = {
			isa = PBXResourcesBuildPhase;
			buildActionMask = 2147483647;
			files = (
				EE1B2D742BDFA00C0035F343 /* Preview Assets.xcassets in Resources */,
				EE1B2D712BDFA00C0035F343 /* Assets.xcassets in Resources */,
			);
			runOnlyForDeploymentPostprocessing = 0;
		};
/* End PBXResourcesBuildPhase section */

/* Begin PBXSourcesBuildPhase section */
		EE1B2D652BDFA00A0035F343 /* Sources */ = {
			isa = PBXSourcesBuildPhase;
			buildActionMask = 2147483647;
			files = (
				EE1B2D892BDFA3900035F343 /* SettingsScreenView.swift in Sources */,
				EE1B2D852BDFA16B0035F343 /* MenuScreen.swift in Sources */,
				EE1B2D9C2BDFDB980035F343 /* GameScreenView.swift in Sources */,
				EE1B2D8B2BDFA3A40035F343 /* DailyScreenView.swift in Sources */,
				EE1B2D6F2BDFA00A0035F343 /* ContentView.swift in Sources */,
				EE1B2D872BDFA36C0035F343 /* GameRulesView.swift in Sources */,
				EE1B2D6D2BDFA00A0035F343 /* BallsGameApp.swift in Sources */,
				EE1B2D912BDFB8490035F343 /* AwardItem.swift in Sources */,
				EE1B2DA02BDFDBEB0035F343 /* BallsGameScene.swift in Sources */,
				EE1B2D952BDFB9DD0035F343 /* PlayerData.swift in Sources */,
				EE1B2D992BDFCD680035F343 /* ShopItem.swift in Sources */,
				EE1B2D8F2BDFA9A70035F343 /* ConstNames.swift in Sources */,
				EE1B2D972BDFCAE70035F343 /* ShopData.swift in Sources */,
				EE1B2D8D2BDFA3B80035F343 /* ShopScreenView.swift in Sources */,
				EE1B2D932BDFB8670035F343 /* DailyAwardsData.swift in Sources */,
			);
			runOnlyForDeploymentPostprocessing = 0;
		};
/* End PBXSourcesBuildPhase section */

/* Begin XCBuildConfiguration section */
		EE1B2D752BDFA00C0035F343 /* Debug */ = {
			isa = XCBuildConfiguration;
			buildSettings = {
				ALWAYS_SEARCH_USER_PATHS = NO;
				ASSETCATALOG_COMPILER_GENERATE_SWIFT_ASSET_SYMBOL_EXTENSIONS = YES;
				CLANG_ANALYZER_NONNULL = YES;
				CLANG_ANALYZER_NUMBER_OBJECT_CONVERSION = YES_AGGRESSIVE;
				CLANG_CXX_LANGUAGE_STANDARD = "gnu++20";
				CLANG_ENABLE_MODULES = YES;
				CLANG_ENABLE_OBJC_ARC = YES;
				CLANG_ENABLE_OBJC_WEAK = YES;
				CLANG_WARN_BLOCK_CAPTURE_AUTORELEASING = YES;
				CLANG_WARN_BOOL_CONVERSION = YES;
				CLANG_WARN_COMMA = YES;
				CLANG_WARN_CONSTANT_CONVERSION = YES;
				CLANG_WARN_DEPRECATED_OBJC_IMPLEMENTATIONS = YES;
				CLANG_WARN_DIRECT_OBJC_ISA_USAGE = YES_ERROR;
				CLANG_WARN_DOCUMENTATION_COMMENTS = YES;
				CLANG_WARN_EMPTY_BODY = YES;
				CLANG_WARN_ENUM_CONVERSION = YES;
				CLANG_WARN_INFINITE_RECURSION = YES;
				CLANG_WARN_INT_CONVERSION = YES;
				CLANG_WARN_NON_LITERAL_NULL_CONVERSION = YES;
				CLANG_WARN_OBJC_IMPLICIT_RETAIN_SELF = YES;
				CLANG_WARN_OBJC_LITERAL_CONVERSION = YES;
				CLANG_WARN_OBJC_ROOT_CLASS = YES_ERROR;
				CLANG_WARN_QUOTED_INCLUDE_IN_FRAMEWORK_HEADER = YES;
				CLANG_WARN_RANGE_LOOP_ANALYSIS = YES;
				CLANG_WARN_STRICT_PROTOTYPES = YES;
				CLANG_WARN_SUSPICIOUS_MOVE = YES;
				CLANG_WARN_UNGUARDED_AVAILABILITY = YES_AGGRESSIVE;
				CLANG_WARN_UNREACHABLE_CODE = YES;
				CLANG_WARN__DUPLICATE_METHOD_MATCH = YES;
				COPY_PHASE_STRIP = NO;
				DEBUG_INFORMATION_FORMAT = dwarf;
				ENABLE_STRICT_OBJC_MSGSEND = YES;
				ENABLE_TESTABILITY = YES;
				ENABLE_USER_SCRIPT_SANDBOXING = YES;
				GCC_C_LANGUAGE_STANDARD = gnu17;
				GCC_DYNAMIC_NO_PIC = NO;
				GCC_NO_COMMON_BLOCKS = YES;
				GCC_OPTIMIZATION_LEVEL = 0;
				GCC_PREPROCESSOR_DEFINITIONS = (
					"DEBUG=1",
					"$(inherited)",
				);
				GCC_WARN_64_TO_32_BIT_CONVERSION = YES;
				GCC_WARN_ABOUT_RETURN_TYPE = YES_ERROR;
				GCC_WARN_UNDECLARED_SELECTOR = YES;
				GCC_WARN_UNINITIALIZED_AUTOS = YES_AGGRESSIVE;
				GCC_WARN_UNUSED_FUNCTION = YES;
				GCC_WARN_UNUSED_VARIABLE = YES;
				IPHONEOS_DEPLOYMENT_TARGET = 17.2;
				LOCALIZATION_PREFERS_STRING_CATALOGS = YES;
				MTL_ENABLE_DEBUG_INFO = INCLUDE_SOURCE;
				MTL_FAST_MATH = YES;
				ONLY_ACTIVE_ARCH = YES;
				SDKROOT = iphoneos;
				SWIFT_ACTIVE_COMPILATION_CONDITIONS = "DEBUG $(inherited)";
				SWIFT_OPTIMIZATION_LEVEL = "-Onone";
			};
			name = Debug;
		};
		EE1B2D762BDFA00C0035F343 /* Release */ = {
			isa = XCBuildConfiguration;
			buildSettings = {
				ALWAYS_SEARCH_USER_PATHS = NO;
				ASSETCATALOG_COMPILER_GENERATE_SWIFT_ASSET_SYMBOL_EXTENSIONS = YES;
				CLANG_ANALYZER_NONNULL = YES;
				CLANG_ANALYZER_NUMBER_OBJECT_CONVERSION = YES_AGGRESSIVE;
				CLANG_CXX_LANGUAGE_STANDARD = "gnu++20";
				CLANG_ENABLE_MODULES = YES;
				CLANG_ENABLE_OBJC_ARC = YES;
				CLANG_ENABLE_OBJC_WEAK = YES;
				CLANG_WARN_BLOCK_CAPTURE_AUTORELEASING = YES;
				CLANG_WARN_BOOL_CONVERSION = YES;
				CLANG_WARN_COMMA = YES;
				CLANG_WARN_CONSTANT_CONVERSION = YES;
				CLANG_WARN_DEPRECATED_OBJC_IMPLEMENTATIONS = YES;
				CLANG_WARN_DIRECT_OBJC_ISA_USAGE = YES_ERROR;
				CLANG_WARN_DOCUMENTATION_COMMENTS = YES;
				CLANG_WARN_EMPTY_BODY = YES;
				CLANG_WARN_ENUM_CONVERSION = YES;
				CLANG_WARN_INFINITE_RECURSION = YES;
				CLANG_WARN_INT_CONVERSION = YES;
				CLANG_WARN_NON_LITERAL_NULL_CONVERSION = YES;
				CLANG_WARN_OBJC_IMPLICIT_RETAIN_SELF = YES;
				CLANG_WARN_OBJC_LITERAL_CONVERSION = YES;
				CLANG_WARN_OBJC_ROOT_CLASS = YES_ERROR;
				CLANG_WARN_QUOTED_INCLUDE_IN_FRAMEWORK_HEADER = YES;
				CLANG_WARN_RANGE_LOOP_ANALYSIS = YES;
				CLANG_WARN_STRICT_PROTOTYPES = YES;
				CLANG_WARN_SUSPICIOUS_MOVE = YES;
				CLANG_WARN_UNGUARDED_AVAILABILITY = YES_AGGRESSIVE;
				CLANG_WARN_UNREACHABLE_CODE = YES;
				CLANG_WARN__DUPLICATE_METHOD_MATCH = YES;
				COPY_PHASE_STRIP = NO;
				DEBUG_INFORMATION_FORMAT = "dwarf-with-dsym";
				ENABLE_NS_ASSERTIONS = NO;
				ENABLE_STRICT_OBJC_MSGSEND = YES;
				ENABLE_USER_SCRIPT_SANDBOXING = YES;
				GCC_C_LANGUAGE_STANDARD = gnu17;
				GCC_NO_COMMON_BLOCKS = YES;
				GCC_WARN_64_TO_32_BIT_CONVERSION = YES;
				GCC_WARN_ABOUT_RETURN_TYPE = YES_ERROR;
				GCC_WARN_UNDECLARED_SELECTOR = YES;
				GCC_WARN_UNINITIALIZED_AUTOS = YES_AGGRESSIVE;
				GCC_WARN_UNUSED_FUNCTION = YES;
				GCC_WARN_UNUSED_VARIABLE = YES;
				IPHONEOS_DEPLOYMENT_TARGET = 17.2;
				LOCALIZATION_PREFERS_STRING_CATALOGS = YES;
				MTL_ENABLE_DEBUG_INFO = NO;
				MTL_FAST_MATH = YES;
				SDKROOT = iphoneos;
				SWIFT_COMPILATION_MODE = wholemodule;
				VALIDATE_PRODUCT = YES;
			};
			name = Release;
		};
		EE1B2D782BDFA00C0035F343 /* Debug */ = {
			isa = XCBuildConfiguration;
			buildSettings = {
				ASSETCATALOG_COMPILER_APPICON_NAME = AppIcon;
				ASSETCATALOG_COMPILER_GLOBAL_ACCENT_COLOR_NAME = AccentColor;
				CODE_SIGN_STYLE = Automatic;
				CURRENT_PROJECT_VERSION = 1;
				DEVELOPMENT_ASSET_PATHS = "\"BallsGame/Preview Content\"";
				DEVELOPMENT_TEAM = 4RSA42DBKQ;
				ENABLE_PREVIEWS = YES;
				GENERATE_INFOPLIST_FILE = YES;
				INFOPLIST_KEY_UIApplicationSceneManifest_Generation = YES;
				INFOPLIST_KEY_UIApplicationSupportsIndirectInputEvents = YES;
				INFOPLIST_KEY_UILaunchScreen_Generation = YES;
				INFOPLIST_KEY_UISupportedInterfaceOrientations_iPad = "UIInterfaceOrientationPortrait UIInterfaceOrientationPortraitUpsideDown UIInterfaceOrientationLandscapeLeft UIInterfaceOrientationLandscapeRight";
				INFOPLIST_KEY_UISupportedInterfaceOrientations_iPhone = "UIInterfaceOrientationPortrait UIInterfaceOrientationLandscapeLeft UIInterfaceOrientationLandscapeRight";
				IPHONEOS_DEPLOYMENT_TARGET = 14.0;
				LD_RUNPATH_SEARCH_PATHS = (
					"$(inherited)",
					"@executable_path/Frameworks",
				);
				MARKETING_VERSION = 1.0;
				PRODUCT_BUNDLE_IDENTIFIER = com.gamebig.BallsGame;
				PRODUCT_NAME = "$(TARGET_NAME)";
				SUPPORTED_PLATFORMS = "iphoneos iphonesimulator";
				SUPPORTS_MACCATALYST = NO;
				SUPPORTS_MAC_DESIGNED_FOR_IPHONE_IPAD = NO;
				SWIFT_EMIT_LOC_STRINGS = YES;
				SWIFT_VERSION = 5.0;
				TARGETED_DEVICE_FAMILY = "1,2";
			};
			name = Debug;
		};
		EE1B2D792BDFA00C0035F343 /* Release */ = {
			isa = XCBuildConfiguration;
			buildSettings = {
				ASSETCATALOG_COMPILER_APPICON_NAME = AppIcon;
				ASSETCATALOG_COMPILER_GLOBAL_ACCENT_COLOR_NAME = AccentColor;
				CODE_SIGN_STYLE = Automatic;
				CURRENT_PROJECT_VERSION = 1;
				DEVELOPMENT_ASSET_PATHS = "\"BallsGame/Preview Content\"";
				DEVELOPMENT_TEAM = 4RSA42DBKQ;
				ENABLE_PREVIEWS = YES;
				GENERATE_INFOPLIST_FILE = YES;
				INFOPLIST_KEY_UIApplicationSceneManifest_Generation = YES;
				INFOPLIST_KEY_UIApplicationSupportsIndirectInputEvents = YES;
				INFOPLIST_KEY_UILaunchScreen_Generation = YES;
				INFOPLIST_KEY_UISupportedInterfaceOrientations_iPad = "UIInterfaceOrientationPortrait UIInterfaceOrientationPortraitUpsideDown UIInterfaceOrientationLandscapeLeft UIInterfaceOrientationLandscapeRight";
				INFOPLIST_KEY_UISupportedInterfaceOrientations_iPhone = "UIInterfaceOrientationPortrait UIInterfaceOrientationLandscapeLeft UIInterfaceOrientationLandscapeRight";
				IPHONEOS_DEPLOYMENT_TARGET = 14.0;
				LD_RUNPATH_SEARCH_PATHS = (
					"$(inherited)",
					"@executable_path/Frameworks",
				);
				MARKETING_VERSION = 1.0;
				PRODUCT_BUNDLE_IDENTIFIER = com.gamebig.BallsGame;
				PRODUCT_NAME = "$(TARGET_NAME)";
				SUPPORTED_PLATFORMS = "iphoneos iphonesimulator";
				SUPPORTS_MACCATALYST = NO;
				SUPPORTS_MAC_DESIGNED_FOR_IPHONE_IPAD = NO;
				SWIFT_EMIT_LOC_STRINGS = YES;
				SWIFT_VERSION = 5.0;
				TARGETED_DEVICE_FAMILY = "1,2";
			};
			name = Release;
		};
/* End XCBuildConfiguration section */

/* Begin XCConfigurationList section */
		EE1B2D642BDFA00A0035F343 /* Build configuration list for PBXProject "BallsGame" */ = {
			isa = XCConfigurationList;
			buildConfigurations = (
				EE1B2D752BDFA00C0035F343 /* Debug */,
				EE1B2D762BDFA00C0035F343 /* Release */,
			);
			defaultConfigurationIsVisible = 0;
			defaultConfigurationName = Release;
		};
		EE1B2D772BDFA00C0035F343 /* Build configuration list for PBXNativeTarget "BallsGame" */ = {
			isa = XCConfigurationList;
			buildConfigurations = (
				EE1B2D782BDFA00C0035F343 /* Debug */,
				EE1B2D792BDFA00C0035F343 /* Release */,
			);
			defaultConfigurationIsVisible = 0;
			defaultConfigurationName = Release;
		};
/* End XCConfigurationList section */
	};
	rootObject = EE1B2D612BDFA00A0035F343 /* Project object */;
}
